
Microsoft Visual Studio Solution File, Format Version 12.00
# Visual Studio 15
VisualStudioVersion = 15.0.26124.0
MinimumVisualStudioVersion = 15.0.26124.0
Project("{2150E333-8FDC-42A3-9474-1A3956D46DE8}") = "src", "src", "{D8693BB2-B6ED-4818-94C4-F39F3539C923}"
EndProject
Project("{F2A71F9B-5D33-465A-A702-920D77279786}") = "Main", "src\Main\Main.fsproj", "{9D8765A9-717B-413E-B809-C149BB25AB8A}"
EndProject
Project("{F2A71F9B-5D33-465A-A702-920D77279786}") = "day1", "src\day1\day1.fsproj", "{3ACB0484-A39D-4596-9E8F-15D056FF32EC}"
EndProject
Project("{F2A71F9B-5D33-465A-A702-920D77279786}") = "day2", "src\day2\day2.fsproj", "{5FE3615C-0BF1-4A7B-AEC3-907183DA7761}"
EndProject
Project("{F2A71F9B-5D33-465A-A702-920D77279786}") = "day3", "src\day3\day3.fsproj", "{5DA348DC-EF7A-468D-83D5-3EE7973A4801}"
EndProject
Project("{F2A71F9B-5D33-465A-A702-920D77279786}") = "day4", "src\day4\day4.fsproj", "{13E38312-E046-4AA2-8DBE-CAC3EC78B048}"
EndProject
Project("{F2A71F9B-5D33-465A-A702-920D77279786}") = "day5", "src\day5\day5.fsproj", "{8D06E73A-1F39-49AB-A3D4-E2CDD0ADB953}"
EndProject
Project("{F2A71F9B-5D33-465A-A702-920D77279786}") = "day6", "src\day6\day6.fsproj", "{D5E359CB-0079-4BD0-81C5-13CCB95988D1}"
EndProject
Project("{F2A71F9B-5D33-465A-A702-920D77279786}") = "day7", "src\day7\day7.fsproj", "{A5C709AD-D0DD-47F4-9E71-60D2F8B5EAAD}"
EndProject
Project("{F2A71F9B-5D33-465A-A702-920D77279786}") = "day8", "src\day8\day8.fsproj", "{D6A300CA-1303-464D-9F64-8B6070B48EE5}"
EndProject
Project("{F2A71F9B-5D33-465A-A702-920D77279786}") = "day9", "src\day9\day9.fsproj", "{12C858CC-6B75-44D3-8106-D7AC13448564}"
EndProject
Project("{F2A71F9B-5D33-465A-A702-920D77279786}") = "day10", "src\day10\day10.fsproj", "{178F3330-1E1D-4279-BF34-55CF2820C2E8}"
EndProject
Project("{F2A71F9B-5D33-465A-A702-920D77279786}") = "day11", "src\day11\day11.fsproj", "{DCF9CC11-79C6-4AFF-9E6B-0E9BC49DB459}"
EndProject
Project("{F2A71F9B-5D33-465A-A702-920D77279786}") = "day12", "src\day12\day12.fsproj", "{D0B3AD70-C43B-4EB1-BDB5-D0819CB5D38D}"
EndProject
Global
	GlobalSection(SolutionConfigurationPlatforms) = preSolution
		Debug|Any CPU = Debug|Any CPU
		Debug|x64 = Debug|x64
		Debug|x86 = Debug|x86
		Release|Any CPU = Release|Any CPU
		Release|x64 = Release|x64
		Release|x86 = Release|x86
	EndGlobalSection
	GlobalSection(SolutionProperties) = preSolution
		HideSolutionNode = FALSE
	EndGlobalSection
	GlobalSection(ProjectConfigurationPlatforms) = postSolution
		{9D8765A9-717B-413E-B809-C149BB25AB8A}.Debug|Any CPU.ActiveCfg = Debug|Any CPU
		{9D8765A9-717B-413E-B809-C149BB25AB8A}.Debug|Any CPU.Build.0 = Debug|Any CPU
		{9D8765A9-717B-413E-B809-C149BB25AB8A}.Debug|x64.ActiveCfg = Debug|Any CPU
		{9D8765A9-717B-413E-B809-C149BB25AB8A}.Debug|x64.Build.0 = Debug|Any CPU
		{9D8765A9-717B-413E-B809-C149BB25AB8A}.Debug|x86.ActiveCfg = Debug|Any CPU
		{9D8765A9-717B-413E-B809-C149BB25AB8A}.Debug|x86.Build.0 = Debug|Any CPU
		{9D8765A9-717B-413E-B809-C149BB25AB8A}.Release|Any CPU.ActiveCfg = Release|Any CPU
		{9D8765A9-717B-413E-B809-C149BB25AB8A}.Release|Any CPU.Build.0 = Release|Any CPU
		{9D8765A9-717B-413E-B809-C149BB25AB8A}.Release|x64.ActiveCfg = Release|Any CPU
		{9D8765A9-717B-413E-B809-C149BB25AB8A}.Release|x64.Build.0 = Release|Any CPU
		{9D8765A9-717B-413E-B809-C149BB25AB8A}.Release|x86.ActiveCfg = Release|Any CPU
		{9D8765A9-717B-413E-B809-C149BB25AB8A}.Release|x86.Build.0 = Release|Any CPU
		{3ACB0484-A39D-4596-9E8F-15D056FF32EC}.Debug|Any CPU.ActiveCfg = Debug|Any CPU
		{3ACB0484-A39D-4596-9E8F-15D056FF32EC}.Debug|Any CPU.Build.0 = Debug|Any CPU
		{3ACB0484-A39D-4596-9E8F-15D056FF32EC}.Debug|x64.ActiveCfg = Debug|Any CPU
		{3ACB0484-A39D-4596-9E8F-15D056FF32EC}.Debug|x64.Build.0 = Debug|Any CPU
		{3ACB0484-A39D-4596-9E8F-15D056FF32EC}.Debug|x86.ActiveCfg = Debug|Any CPU
		{3ACB0484-A39D-4596-9E8F-15D056FF32EC}.Debug|x86.Build.0 = Debug|Any CPU
		{3ACB0484-A39D-4596-9E8F-15D056FF32EC}.Release|Any CPU.ActiveCfg = Release|Any CPU
		{3ACB0484-A39D-4596-9E8F-15D056FF32EC}.Release|Any CPU.Build.0 = Release|Any CPU
		{3ACB0484-A39D-4596-9E8F-15D056FF32EC}.Release|x64.ActiveCfg = Release|Any CPU
		{3ACB0484-A39D-4596-9E8F-15D056FF32EC}.Release|x64.Build.0 = Release|Any CPU
		{3ACB0484-A39D-4596-9E8F-15D056FF32EC}.Release|x86.ActiveCfg = Release|Any CPU
		{3ACB0484-A39D-4596-9E8F-15D056FF32EC}.Release|x86.Build.0 = Release|Any CPU
		{5FE3615C-0BF1-4A7B-AEC3-907183DA7761}.Debug|Any CPU.ActiveCfg = Debug|Any CPU
		{5FE3615C-0BF1-4A7B-AEC3-907183DA7761}.Debug|Any CPU.Build.0 = Debug|Any CPU
		{5FE3615C-0BF1-4A7B-AEC3-907183DA7761}.Debug|x64.ActiveCfg = Debug|Any CPU
		{5FE3615C-0BF1-4A7B-AEC3-907183DA7761}.Debug|x64.Build.0 = Debug|Any CPU
		{5FE3615C-0BF1-4A7B-AEC3-907183DA7761}.Debug|x86.ActiveCfg = Debug|Any CPU
		{5FE3615C-0BF1-4A7B-AEC3-907183DA7761}.Debug|x86.Build.0 = Debug|Any CPU
		{5FE3615C-0BF1-4A7B-AEC3-907183DA7761}.Release|Any CPU.ActiveCfg = Release|Any CPU
		{5FE3615C-0BF1-4A7B-AEC3-907183DA7761}.Release|Any CPU.Build.0 = Release|Any CPU
		{5FE3615C-0BF1-4A7B-AEC3-907183DA7761}.Release|x64.ActiveCfg = Release|Any CPU
		{5FE3615C-0BF1-4A7B-AEC3-907183DA7761}.Release|x64.Build.0 = Release|Any CPU
		{5FE3615C-0BF1-4A7B-AEC3-907183DA7761}.Release|x86.ActiveCfg = Release|Any CPU
		{5FE3615C-0BF1-4A7B-AEC3-907183DA7761}.Release|x86.Build.0 = Release|Any CPU
		{5DA348DC-EF7A-468D-83D5-3EE7973A4801}.Debug|Any CPU.ActiveCfg = Debug|Any CPU
		{5DA348DC-EF7A-468D-83D5-3EE7973A4801}.Debug|Any CPU.Build.0 = Debug|Any CPU
		{5DA348DC-EF7A-468D-83D5-3EE7973A4801}.Debug|x64.ActiveCfg = Debug|Any CPU
		{5DA348DC-EF7A-468D-83D5-3EE7973A4801}.Debug|x64.Build.0 = Debug|Any CPU
		{5DA348DC-EF7A-468D-83D5-3EE7973A4801}.Debug|x86.ActiveCfg = Debug|Any CPU
		{5DA348DC-EF7A-468D-83D5-3EE7973A4801}.Debug|x86.Build.0 = Debug|Any CPU
		{5DA348DC-EF7A-468D-83D5-3EE7973A4801}.Release|Any CPU.ActiveCfg = Release|Any CPU
		{5DA348DC-EF7A-468D-83D5-3EE7973A4801}.Release|Any CPU.Build.0 = Release|Any CPU
		{5DA348DC-EF7A-468D-83D5-3EE7973A4801}.Release|x64.ActiveCfg = Release|Any CPU
		{5DA348DC-EF7A-468D-83D5-3EE7973A4801}.Release|x64.Build.0 = Release|Any CPU
		{5DA348DC-EF7A-468D-83D5-3EE7973A4801}.Release|x86.ActiveCfg = Release|Any CPU
		{5DA348DC-EF7A-468D-83D5-3EE7973A4801}.Release|x86.Build.0 = Release|Any CPU
		{13E38312-E046-4AA2-8DBE-CAC3EC78B048}.Debug|Any CPU.ActiveCfg = Debug|Any CPU
		{13E38312-E046-4AA2-8DBE-CAC3EC78B048}.Debug|Any CPU.Build.0 = Debug|Any CPU
		{13E38312-E046-4AA2-8DBE-CAC3EC78B048}.Debug|x64.ActiveCfg = Debug|Any CPU
		{13E38312-E046-4AA2-8DBE-CAC3EC78B048}.Debug|x64.Build.0 = Debug|Any CPU
		{13E38312-E046-4AA2-8DBE-CAC3EC78B048}.Debug|x86.ActiveCfg = Debug|Any CPU
		{13E38312-E046-4AA2-8DBE-CAC3EC78B048}.Debug|x86.Build.0 = Debug|Any CPU
		{13E38312-E046-4AA2-8DBE-CAC3EC78B048}.Release|Any CPU.ActiveCfg = Release|Any CPU
		{13E38312-E046-4AA2-8DBE-CAC3EC78B048}.Release|Any CPU.Build.0 = Release|Any CPU
		{13E38312-E046-4AA2-8DBE-CAC3EC78B048}.Release|x64.ActiveCfg = Release|Any CPU
		{13E38312-E046-4AA2-8DBE-CAC3EC78B048}.Release|x64.Build.0 = Release|Any CPU
		{13E38312-E046-4AA2-8DBE-CAC3EC78B048}.Release|x86.ActiveCfg = Release|Any CPU
		{13E38312-E046-4AA2-8DBE-CAC3EC78B048}.Release|x86.Build.0 = Release|Any CPU
		{8D06E73A-1F39-49AB-A3D4-E2CDD0ADB953}.Debug|Any CPU.ActiveCfg = Debug|Any CPU
		{8D06E73A-1F39-49AB-A3D4-E2CDD0ADB953}.Debug|Any CPU.Build.0 = Debug|Any CPU
		{8D06E73A-1F39-49AB-A3D4-E2CDD0ADB953}.Debug|x64.ActiveCfg = Debug|Any CPU
		{8D06E73A-1F39-49AB-A3D4-E2CDD0ADB953}.Debug|x64.Build.0 = Debug|Any CPU
		{8D06E73A-1F39-49AB-A3D4-E2CDD0ADB953}.Debug|x86.ActiveCfg = Debug|Any CPU
		{8D06E73A-1F39-49AB-A3D4-E2CDD0ADB953}.Debug|x86.Build.0 = Debug|Any CPU
		{8D06E73A-1F39-49AB-A3D4-E2CDD0ADB953}.Release|Any CPU.ActiveCfg = Release|Any CPU
		{8D06E73A-1F39-49AB-A3D4-E2CDD0ADB953}.Release|Any CPU.Build.0 = Release|Any CPU
		{8D06E73A-1F39-49AB-A3D4-E2CDD0ADB953}.Release|x64.ActiveCfg = Release|Any CPU
		{8D06E73A-1F39-49AB-A3D4-E2CDD0ADB953}.Release|x64.Build.0 = Release|Any CPU
		{8D06E73A-1F39-49AB-A3D4-E2CDD0ADB953}.Release|x86.ActiveCfg = Release|Any CPU
		{8D06E73A-1F39-49AB-A3D4-E2CDD0ADB953}.Release|x86.Build.0 = Release|Any CPU
		{D5E359CB-0079-4BD0-81C5-13CCB95988D1}.Debug|Any CPU.ActiveCfg = Debug|Any CPU
		{D5E359CB-0079-4BD0-81C5-13CCB95988D1}.Debug|Any CPU.Build.0 = Debug|Any CPU
		{D5E359CB-0079-4BD0-81C5-13CCB95988D1}.Debug|x64.ActiveCfg = Debug|Any CPU
		{D5E359CB-0079-4BD0-81C5-13CCB95988D1}.Debug|x64.Build.0 = Debug|Any CPU
		{D5E359CB-0079-4BD0-81C5-13CCB95988D1}.Debug|x86.ActiveCfg = Debug|Any CPU
		{D5E359CB-0079-4BD0-81C5-13CCB95988D1}.Debug|x86.Build.0 = Debug|Any CPU
		{D5E359CB-0079-4BD0-81C5-13CCB95988D1}.Release|Any CPU.ActiveCfg = Release|Any CPU
		{D5E359CB-0079-4BD0-81C5-13CCB95988D1}.Release|Any CPU.Build.0 = Release|Any CPU
		{D5E359CB-0079-4BD0-81C5-13CCB95988D1}.Release|x64.ActiveCfg = Release|Any CPU
		{D5E359CB-0079-4BD0-81C5-13CCB95988D1}.Release|x64.Build.0 = Release|Any CPU
		{D5E359CB-0079-4BD0-81C5-13CCB95988D1}.Release|x86.ActiveCfg = Release|Any CPU
		{D5E359CB-0079-4BD0-81C5-13CCB95988D1}.Release|x86.Build.0 = Release|Any CPU
		{A5C709AD-D0DD-47F4-9E71-60D2F8B5EAAD}.Debug|Any CPU.ActiveCfg = Debug|Any CPU
		{A5C709AD-D0DD-47F4-9E71-60D2F8B5EAAD}.Debug|Any CPU.Build.0 = Debug|Any CPU
		{A5C709AD-D0DD-47F4-9E71-60D2F8B5EAAD}.Debug|x64.ActiveCfg = Debug|Any CPU
		{A5C709AD-D0DD-47F4-9E71-60D2F8B5EAAD}.Debug|x64.Build.0 = Debug|Any CPU
		{A5C709AD-D0DD-47F4-9E71-60D2F8B5EAAD}.Debug|x86.ActiveCfg = Debug|Any CPU
		{A5C709AD-D0DD-47F4-9E71-60D2F8B5EAAD}.Debug|x86.Build.0 = Debug|Any CPU
		{A5C709AD-D0DD-47F4-9E71-60D2F8B5EAAD}.Release|Any CPU.ActiveCfg = Release|Any CPU
		{A5C709AD-D0DD-47F4-9E71-60D2F8B5EAAD}.Release|Any CPU.Build.0 = Release|Any CPU
		{A5C709AD-D0DD-47F4-9E71-60D2F8B5EAAD}.Release|x64.ActiveCfg = Release|Any CPU
		{A5C709AD-D0DD-47F4-9E71-60D2F8B5EAAD}.Release|x64.Build.0 = Release|Any CPU
		{A5C709AD-D0DD-47F4-9E71-60D2F8B5EAAD}.Release|x86.ActiveCfg = Release|Any CPU
		{A5C709AD-D0DD-47F4-9E71-60D2F8B5EAAD}.Release|x86.Build.0 = Release|Any CPU
		{D6A300CA-1303-464D-9F64-8B6070B48EE5}.Debug|Any CPU.ActiveCfg = Debug|Any CPU
		{D6A300CA-1303-464D-9F64-8B6070B48EE5}.Debug|Any CPU.Build.0 = Debug|Any CPU
		{D6A300CA-1303-464D-9F64-8B6070B48EE5}.Debug|x64.ActiveCfg = Debug|Any CPU
		{D6A300CA-1303-464D-9F64-8B6070B48EE5}.Debug|x64.Build.0 = Debug|Any CPU
		{D6A300CA-1303-464D-9F64-8B6070B48EE5}.Debug|x86.ActiveCfg = Debug|Any CPU
		{D6A300CA-1303-464D-9F64-8B6070B48EE5}.Debug|x86.Build.0 = Debug|Any CPU
		{D6A300CA-1303-464D-9F64-8B6070B48EE5}.Release|Any CPU.ActiveCfg = Release|Any CPU
		{D6A300CA-1303-464D-9F64-8B6070B48EE5}.Release|Any CPU.Build.0 = Release|Any CPU
		{D6A300CA-1303-464D-9F64-8B6070B48EE5}.Release|x64.ActiveCfg = Release|Any CPU
		{D6A300CA-1303-464D-9F64-8B6070B48EE5}.Release|x64.Build.0 = Release|Any CPU
		{D6A300CA-1303-464D-9F64-8B6070B48EE5}.Release|x86.ActiveCfg = Release|Any CPU
		{D6A300CA-1303-464D-9F64-8B6070B48EE5}.Release|x86.Build.0 = Release|Any CPU
		{12C858CC-6B75-44D3-8106-D7AC13448564}.Debug|Any CPU.ActiveCfg = Debug|Any CPU
		{12C858CC-6B75-44D3-8106-D7AC13448564}.Debug|Any CPU.Build.0 = Debug|Any CPU
		{12C858CC-6B75-44D3-8106-D7AC13448564}.Debug|x64.ActiveCfg = Debug|Any CPU
		{12C858CC-6B75-44D3-8106-D7AC13448564}.Debug|x64.Build.0 = Debug|Any CPU
		{12C858CC-6B75-44D3-8106-D7AC13448564}.Debug|x86.ActiveCfg = Debug|Any CPU
		{12C858CC-6B75-44D3-8106-D7AC13448564}.Debug|x86.Build.0 = Debug|Any CPU
		{12C858CC-6B75-44D3-8106-D7AC13448564}.Release|Any CPU.ActiveCfg = Release|Any CPU
		{12C858CC-6B75-44D3-8106-D7AC13448564}.Release|Any CPU.Build.0 = Release|Any CPU
		{12C858CC-6B75-44D3-8106-D7AC13448564}.Release|x64.ActiveCfg = Release|Any CPU
		{12C858CC-6B75-44D3-8106-D7AC13448564}.Release|x64.Build.0 = Release|Any CPU
		{12C858CC-6B75-44D3-8106-D7AC13448564}.Release|x86.ActiveCfg = Release|Any CPU
		{12C858CC-6B75-44D3-8106-D7AC13448564}.Release|x86.Build.0 = Release|Any CPU
		{178F3330-1E1D-4279-BF34-55CF2820C2E8}.Debug|Any CPU.ActiveCfg = Debug|Any CPU
		{178F3330-1E1D-4279-BF34-55CF2820C2E8}.Debug|Any CPU.Build.0 = Debug|Any CPU
		{178F3330-1E1D-4279-BF34-55CF2820C2E8}.Debug|x64.ActiveCfg = Debug|Any CPU
		{178F3330-1E1D-4279-BF34-55CF2820C2E8}.Debug|x64.Build.0 = Debug|Any CPU
		{178F3330-1E1D-4279-BF34-55CF2820C2E8}.Debug|x86.ActiveCfg = Debug|Any CPU
		{178F3330-1E1D-4279-BF34-55CF2820C2E8}.Debug|x86.Build.0 = Debug|Any CPU
		{178F3330-1E1D-4279-BF34-55CF2820C2E8}.Release|Any CPU.ActiveCfg = Release|Any CPU
		{178F3330-1E1D-4279-BF34-55CF2820C2E8}.Release|Any CPU.Build.0 = Release|Any CPU
		{178F3330-1E1D-4279-BF34-55CF2820C2E8}.Release|x64.ActiveCfg = Release|Any CPU
		{178F3330-1E1D-4279-BF34-55CF2820C2E8}.Release|x64.Build.0 = Release|Any CPU
		{178F3330-1E1D-4279-BF34-55CF2820C2E8}.Release|x86.ActiveCfg = Release|Any CPU
		{178F3330-1E1D-4279-BF34-55CF2820C2E8}.Release|x86.Build.0 = Release|Any CPU
		{DCF9CC11-79C6-4AFF-9E6B-0E9BC49DB459}.Debug|Any CPU.ActiveCfg = Debug|Any CPU
		{DCF9CC11-79C6-4AFF-9E6B-0E9BC49DB459}.Debug|Any CPU.Build.0 = Debug|Any CPU
		{DCF9CC11-79C6-4AFF-9E6B-0E9BC49DB459}.Debug|x64.ActiveCfg = Debug|Any CPU
		{DCF9CC11-79C6-4AFF-9E6B-0E9BC49DB459}.Debug|x64.Build.0 = Debug|Any CPU
		{DCF9CC11-79C6-4AFF-9E6B-0E9BC49DB459}.Debug|x86.ActiveCfg = Debug|Any CPU
		{DCF9CC11-79C6-4AFF-9E6B-0E9BC49DB459}.Debug|x86.Build.0 = Debug|Any CPU
		{DCF9CC11-79C6-4AFF-9E6B-0E9BC49DB459}.Release|Any CPU.ActiveCfg = Release|Any CPU
		{DCF9CC11-79C6-4AFF-9E6B-0E9BC49DB459}.Release|Any CPU.Build.0 = Release|Any CPU
		{DCF9CC11-79C6-4AFF-9E6B-0E9BC49DB459}.Release|x64.ActiveCfg = Release|Any CPU
		{DCF9CC11-79C6-4AFF-9E6B-0E9BC49DB459}.Release|x64.Build.0 = Release|Any CPU
		{DCF9CC11-79C6-4AFF-9E6B-0E9BC49DB459}.Release|x86.ActiveCfg = Release|Any CPU
		{DCF9CC11-79C6-4AFF-9E6B-0E9BC49DB459}.Release|x86.Build.0 = Release|Any CPU
		{D0B3AD70-C43B-4EB1-BDB5-D0819CB5D38D}.Debug|Any CPU.ActiveCfg = Debug|Any CPU
		{D0B3AD70-C43B-4EB1-BDB5-D0819CB5D38D}.Debug|Any CPU.Build.0 = Debug|Any CPU
		{D0B3AD70-C43B-4EB1-BDB5-D0819CB5D38D}.Debug|x64.ActiveCfg = Debug|Any CPU
		{D0B3AD70-C43B-4EB1-BDB5-D0819CB5D38D}.Debug|x64.Build.0 = Debug|Any CPU
		{D0B3AD70-C43B-4EB1-BDB5-D0819CB5D38D}.Debug|x86.ActiveCfg = Debug|Any CPU
		{D0B3AD70-C43B-4EB1-BDB5-D0819CB5D38D}.Debug|x86.Build.0 = Debug|Any CPU
		{D0B3AD70-C43B-4EB1-BDB5-D0819CB5D38D}.Release|Any CPU.ActiveCfg = Release|Any CPU
		{D0B3AD70-C43B-4EB1-BDB5-D0819CB5D38D}.Release|Any CPU.Build.0 = Release|Any CPU
		{D0B3AD70-C43B-4EB1-BDB5-D0819CB5D38D}.Release|x64.ActiveCfg = Release|Any CPU
		{D0B3AD70-C43B-4EB1-BDB5-D0819CB5D38D}.Release|x64.Build.0 = Release|Any CPU
		{D0B3AD70-C43B-4EB1-BDB5-D0819CB5D38D}.Release|x86.ActiveCfg = Release|Any CPU
		{D0B3AD70-C43B-4EB1-BDB5-D0819CB5D38D}.Release|x86.Build.0 = Release|Any CPU
	EndGlobalSection
	GlobalSection(NestedProjects) = preSolution
		{9D8765A9-717B-413E-B809-C149BB25AB8A} = {D8693BB2-B6ED-4818-94C4-F39F3539C923}
		{3ACB0484-A39D-4596-9E8F-15D056FF32EC} = {D8693BB2-B6ED-4818-94C4-F39F3539C923}
		{5FE3615C-0BF1-4A7B-AEC3-907183DA7761} = {D8693BB2-B6ED-4818-94C4-F39F3539C923}
		{5DA348DC-EF7A-468D-83D5-3EE7973A4801} = {D8693BB2-B6ED-4818-94C4-F39F3539C923}
		{13E38312-E046-4AA2-8DBE-CAC3EC78B048} = {D8693BB2-B6ED-4818-94C4-F39F3539C923}
		{8D06E73A-1F39-49AB-A3D4-E2CDD0ADB953} = {D8693BB2-B6ED-4818-94C4-F39F3539C923}
		{D5E359CB-0079-4BD0-81C5-13CCB95988D1} = {D8693BB2-B6ED-4818-94C4-F39F3539C923}
		{A5C709AD-D0DD-47F4-9E71-60D2F8B5EAAD} = {D8693BB2-B6ED-4818-94C4-F39F3539C923}
		{D6A300CA-1303-464D-9F64-8B6070B48EE5} = {D8693BB2-B6ED-4818-94C4-F39F3539C923}
		{12C858CC-6B75-44D3-8106-D7AC13448564} = {D8693BB2-B6ED-4818-94C4-F39F3539C923}
		{178F3330-1E1D-4279-BF34-55CF2820C2E8} = {D8693BB2-B6ED-4818-94C4-F39F3539C923}
		{DCF9CC11-79C6-4AFF-9E6B-0E9BC49DB459} = {D8693BB2-B6ED-4818-94C4-F39F3539C923}
		{D0B3AD70-C43B-4EB1-BDB5-D0819CB5D38D} = {D8693BB2-B6ED-4818-94C4-F39F3539C923}
	EndGlobalSection
EndGlobal
