
Microsoft Visual Studio Solution File, Format Version 12.00
# Visual Studio 15
VisualStudioVersion = 15.0.26124.0
MinimumVisualStudioVersion = 15.0.26124.0
Project("{2150E333-8FDC-42A3-9474-1A3956D46DE8}") = "src", "src", "{D8693BB2-B6ED-4818-94C4-F39F3539C923}"
EndProject
Project("{F2A71F9B-5D33-465A-A702-920D77279786}") = "Main", "src\Main\Main.fsproj", "{9D8765A9-717B-413E-B809-C149BB25AB8A}"
EndProject
Project("{F2A71F9B-5D33-465A-A702-920D77279786}") = "day1", "src\day1\day1.fsproj", "{3ACB0484-A39D-4596-9E8F-15D056FF32EC}"
EndProject
Global
	GlobalSection(SolutionConfigurationPlatforms) = preSolution
		Debug|Any CPU = Debug|Any CPU
		Debug|x64 = Debug|x64
		Debug|x86 = Debug|x86
		Release|Any CPU = Release|Any CPU
		Release|x64 = Release|x64
		Release|x86 = Release|x86
	EndGlobalSection
	GlobalSection(SolutionProperties) = preSolution
		HideSolutionNode = FALSE
	EndGlobalSection
	GlobalSection(ProjectConfigurationPlatforms) = postSolution
		{9D8765A9-717B-413E-B809-C149BB25AB8A}.Debug|Any CPU.ActiveCfg = Debug|Any CPU
		{9D8765A9-717B-413E-B809-C149BB25AB8A}.Debug|Any CPU.Build.0 = Debug|Any CPU
		{9D8765A9-717B-413E-B809-C149BB25AB8A}.Debug|x64.ActiveCfg = Debug|Any CPU
		{9D8765A9-717B-413E-B809-C149BB25AB8A}.Debug|x64.Build.0 = Debug|Any CPU
		{9D8765A9-717B-413E-B809-C149BB25AB8A}.Debug|x86.ActiveCfg = Debug|Any CPU
		{9D8765A9-717B-413E-B809-C149BB25AB8A}.Debug|x86.Build.0 = Debug|Any CPU
		{9D8765A9-717B-413E-B809-C149BB25AB8A}.Release|Any CPU.ActiveCfg = Release|Any CPU
		{9D8765A9-717B-413E-B809-C149BB25AB8A}.Release|Any CPU.Build.0 = Release|Any CPU
		{9D8765A9-717B-413E-B809-C149BB25AB8A}.Release|x64.ActiveCfg = Release|Any CPU
		{9D8765A9-717B-413E-B809-C149BB25AB8A}.Release|x64.Build.0 = Release|Any CPU
		{9D8765A9-717B-413E-B809-C149BB25AB8A}.Release|x86.ActiveCfg = Release|Any CPU
		{9D8765A9-717B-413E-B809-C149BB25AB8A}.Release|x86.Build.0 = Release|Any CPU
		{3ACB0484-A39D-4596-9E8F-15D056FF32EC}.Debug|Any CPU.ActiveCfg = Debug|Any CPU
		{3ACB0484-A39D-4596-9E8F-15D056FF32EC}.Debug|Any CPU.Build.0 = Debug|Any CPU
		{3ACB0484-A39D-4596-9E8F-15D056FF32EC}.Debug|x64.ActiveCfg = Debug|Any CPU
		{3ACB0484-A39D-4596-9E8F-15D056FF32EC}.Debug|x64.Build.0 = Debug|Any CPU
		{3ACB0484-A39D-4596-9E8F-15D056FF32EC}.Debug|x86.ActiveCfg = Debug|Any CPU
		{3ACB0484-A39D-4596-9E8F-15D056FF32EC}.Debug|x86.Build.0 = Debug|Any CPU
		{3ACB0484-A39D-4596-9E8F-15D056FF32EC}.Release|Any CPU.ActiveCfg = Release|Any CPU
		{3ACB0484-A39D-4596-9E8F-15D056FF32EC}.Release|Any CPU.Build.0 = Release|Any CPU
		{3ACB0484-A39D-4596-9E8F-15D056FF32EC}.Release|x64.ActiveCfg = Release|Any CPU
		{3ACB0484-A39D-4596-9E8F-15D056FF32EC}.Release|x64.Build.0 = Release|Any CPU
		{3ACB0484-A39D-4596-9E8F-15D056FF32EC}.Release|x86.ActiveCfg = Release|Any CPU
		{3ACB0484-A39D-4596-9E8F-15D056FF32EC}.Release|x86.Build.0 = Release|Any CPU
	EndGlobalSection
	GlobalSection(NestedProjects) = preSolution
		{9D8765A9-717B-413E-B809-C149BB25AB8A} = {D8693BB2-B6ED-4818-94C4-F39F3539C923}
		{3ACB0484-A39D-4596-9E8F-15D056FF32EC} = {D8693BB2-B6ED-4818-94C4-F39F3539C923}
	EndGlobalSection
EndGlobal
